# This file is automatically @generated by Cargo.
# It is not intended for manual editing.
version = 4

[[package]]
name = "LinkedList3"
version = "0.1.0"

[[package]]
name = "assembler"
version = "0.1.0"
dependencies = [
 "hash_map",
]

[[package]]
name = "hash_map"
version = "0.1.0"
dependencies = [
 "LinkedList3",
]
